
Microsoft Visual Studio Solution File, Format Version 12.00
# Visual Studio 15
VisualStudioVersion = 15.0.28307.1831
MinimumVisualStudioVersion = 10.0.40219.1
Project("{159641D6-6404-4A2A-AE62-294DE0FE8301}") = "HetRecMovies_SSIS", "HetRecMovies_SSIS\HetRecMovies_SSIS.dtproj", "{706EC679-1DFA-44C0-8AA0-2D5D602935CA}"
EndProject
Global
	GlobalSection(SolutionConfigurationPlatforms) = preSolution
		Development|Default = Development|Default
	EndGlobalSection
	GlobalSection(ProjectConfigurationPlatforms) = postSolution
		{706EC679-1DFA-44C0-8AA0-2D5D602935CA}.Development|Default.ActiveCfg = Development
		{706EC679-1DFA-44C0-8AA0-2D5D602935CA}.Development|Default.Build.0 = Development
	EndGlobalSection
	GlobalSection(SolutionProperties) = preSolution
		HideSolutionNode = FALSE
	EndGlobalSection
	GlobalSection(ExtensibilityGlobals) = postSolution
		SolutionGuid = {3292BBE6-5D65-431B-B970-246985FA4A42}
	EndGlobalSection
EndGlobal
